
Microsoft Visual Studio Solution File, Format Version 12.00
# Visual Studio Version 17
VisualStudioVersion = 17.8.34511.84
MinimumVisualStudioVersion = 10.0.40219.1
Project("{FAE04EC0-301F-11D3-BF4B-00C04F79EFBC}") = "SchoolApi", "SchoolApi\SchoolApi.csproj", "{2DCDD2A6-DDB4-4DA3-93A3-7EA247DA6D4C}"
EndProject
Project("{FAE04EC0-301F-11D3-BF4B-00C04F79EFBC}") = "SchoolCore", "SchoolCore\SchoolCore.csproj", "{0E5A0464-16C1-4643-8222-DEF68D90D128}"
EndProject
Project("{FAE04EC0-301F-11D3-BF4B-00C04F79EFBC}") = "SchoolServices", "SchoolServices\SchoolServices.csproj", "{9F4AEC3B-CF81-4772-9470-1647E9090A11}"
EndProject
Project("{FAE04EC0-301F-11D3-BF4B-00C04F79EFBC}") = "School-Infrastructure", "School-Infrastructure\School-Infrastructure.csproj", "{2F274449-8976-4DB8-9F16-7929CA1DAC0F}"
EndProject
Project("{FAE04EC0-301F-11D3-BF4B-00C04F79EFBC}") = "SchoolData", "SchoolData\SchoolData.csproj", "{A6DDB666-5A50-4020-9112-95F97CB17AF3}"
EndProject
Global
	GlobalSection(SolutionConfigurationPlatforms) = preSolution
		Debug|Any CPU = Debug|Any CPU
		Release|Any CPU = Release|Any CPU
	EndGlobalSection
	GlobalSection(ProjectConfigurationPlatforms) = postSolution
		{2DCDD2A6-DDB4-4DA3-93A3-7EA247DA6D4C}.Debug|Any CPU.ActiveCfg = Debug|Any CPU
		{2DCDD2A6-DDB4-4DA3-93A3-7EA247DA6D4C}.Debug|Any CPU.Build.0 = Debug|Any CPU
		{2DCDD2A6-DDB4-4DA3-93A3-7EA247DA6D4C}.Release|Any CPU.ActiveCfg = Release|Any CPU
		{2DCDD2A6-DDB4-4DA3-93A3-7EA247DA6D4C}.Release|Any CPU.Build.0 = Release|Any CPU
		{0E5A0464-16C1-4643-8222-DEF68D90D128}.Debug|Any CPU.ActiveCfg = Debug|Any CPU
		{0E5A0464-16C1-4643-8222-DEF68D90D128}.Debug|Any CPU.Build.0 = Debug|Any CPU
		{0E5A0464-16C1-4643-8222-DEF68D90D128}.Release|Any CPU.ActiveCfg = Release|Any CPU
		{0E5A0464-16C1-4643-8222-DEF68D90D128}.Release|Any CPU.Build.0 = Release|Any CPU
		{9F4AEC3B-CF81-4772-9470-1647E9090A11}.Debug|Any CPU.ActiveCfg = Debug|Any CPU
		{9F4AEC3B-CF81-4772-9470-1647E9090A11}.Debug|Any CPU.Build.0 = Debug|Any CPU
		{9F4AEC3B-CF81-4772-9470-1647E9090A11}.Release|Any CPU.ActiveCfg = Release|Any CPU
		{9F4AEC3B-CF81-4772-9470-1647E9090A11}.Release|Any CPU.Build.0 = Release|Any CPU
		{2F274449-8976-4DB8-9F16-7929CA1DAC0F}.Debug|Any CPU.ActiveCfg = Debug|Any CPU
		{2F274449-8976-4DB8-9F16-7929CA1DAC0F}.Debug|Any CPU.Build.0 = Debug|Any CPU
		{2F274449-8976-4DB8-9F16-7929CA1DAC0F}.Release|Any CPU.ActiveCfg = Release|Any CPU
		{2F274449-8976-4DB8-9F16-7929CA1DAC0F}.Release|Any CPU.Build.0 = Release|Any CPU
		{A6DDB666-5A50-4020-9112-95F97CB17AF3}.Debug|Any CPU.ActiveCfg = Debug|Any CPU
		{A6DDB666-5A50-4020-9112-95F97CB17AF3}.Debug|Any CPU.Build.0 = Debug|Any CPU
		{A6DDB666-5A50-4020-9112-95F97CB17AF3}.Release|Any CPU.ActiveCfg = Release|Any CPU
		{A6DDB666-5A50-4020-9112-95F97CB17AF3}.Release|Any CPU.Build.0 = Release|Any CPU
	EndGlobalSection
	GlobalSection(SolutionProperties) = preSolution
		HideSolutionNode = FALSE
	EndGlobalSection
	GlobalSection(ExtensibilityGlobals) = postSolution
		SolutionGuid = {3A57335E-966E-4DA6-960B-6555697F2AE4}
	EndGlobalSection
EndGlobal
